
Microsoft Visual Studio Solution File, Format Version 12.00
# Visual Studio Version 17
VisualStudioVersion = 17.12.35707.178 d17.12
MinimumVisualStudioVersion = 10.0.40219.1
Project("{FAE04EC0-301F-11D3-BF4B-00C04F79EFBC}") = "RepasoBerny.Shared", "RepasoBerny.Shared\RepasoBerny.Shared.csproj", "{FC113D58-A84A-4E1C-A8F4-B07444ED66B8}"
EndProject
Project("{FAE04EC0-301F-11D3-BF4B-00C04F79EFBC}") = "RepasoBerny.Web", "RepasoBerny.Web\RepasoBerny.Web.csproj", "{3CD010E6-7AC2-44C8-9487-9869411BA9BF}"
EndProject
Project("{FAE04EC0-301F-11D3-BF4B-00C04F79EFBC}") = "RepasoBerny.Mobile", "RepasoBerny.Mobile\RepasoBerny.Mobile.csproj", "{41ABACE2-18BD-4038-B0B1-6BC6E1FFE801}"
EndProject
Global
	GlobalSection(SolutionConfigurationPlatforms) = preSolution
		Debug|Any CPU = Debug|Any CPU
		Release|Any CPU = Release|Any CPU
	EndGlobalSection
	GlobalSection(ProjectConfigurationPlatforms) = postSolution
		{FC113D58-A84A-4E1C-A8F4-B07444ED66B8}.Debug|Any CPU.ActiveCfg = Debug|Any CPU
		{FC113D58-A84A-4E1C-A8F4-B07444ED66B8}.Debug|Any CPU.Build.0 = Debug|Any CPU
		{FC113D58-A84A-4E1C-A8F4-B07444ED66B8}.Release|Any CPU.ActiveCfg = Release|Any CPU
		{FC113D58-A84A-4E1C-A8F4-B07444ED66B8}.Release|Any CPU.Build.0 = Release|Any CPU
		{3CD010E6-7AC2-44C8-9487-9869411BA9BF}.Debug|Any CPU.ActiveCfg = Debug|Any CPU
		{3CD010E6-7AC2-44C8-9487-9869411BA9BF}.Debug|Any CPU.Build.0 = Debug|Any CPU
		{3CD010E6-7AC2-44C8-9487-9869411BA9BF}.Release|Any CPU.ActiveCfg = Release|Any CPU
		{3CD010E6-7AC2-44C8-9487-9869411BA9BF}.Release|Any CPU.Build.0 = Release|Any CPU
		{41ABACE2-18BD-4038-B0B1-6BC6E1FFE801}.Debug|Any CPU.ActiveCfg = Debug|Any CPU
		{41ABACE2-18BD-4038-B0B1-6BC6E1FFE801}.Debug|Any CPU.Build.0 = Debug|Any CPU
		{41ABACE2-18BD-4038-B0B1-6BC6E1FFE801}.Debug|Any CPU.Deploy.0 = Debug|Any CPU
		{41ABACE2-18BD-4038-B0B1-6BC6E1FFE801}.Release|Any CPU.ActiveCfg = Release|Any CPU
		{41ABACE2-18BD-4038-B0B1-6BC6E1FFE801}.Release|Any CPU.Build.0 = Release|Any CPU
		{41ABACE2-18BD-4038-B0B1-6BC6E1FFE801}.Release|Any CPU.Deploy.0 = Release|Any CPU
	EndGlobalSection
	GlobalSection(SolutionProperties) = preSolution
		HideSolutionNode = FALSE
	EndGlobalSection
EndGlobal
